dependencies:
- name: api-gateway
  repository: ""
  version: 0.1.0
- name: auth-service
  repository: ""
  version: 0.1.0
- name: comics-service
  repository: ""
  version: 0.1.0
- name: rentals-service
  repository: ""
  version: 0.1.0
- name: copies-service
  repository: ""
  version: 0.1.0
- name: copies-consumer
  repository: ""
  version: 0.1.0
- name: postgresql
  repository: https://charts.bitnami.com/bitnami
  version: 18.8.9
- name: rabbitmq
  repository: https://charts.bitnami.com/bitnami
  version: 14.6.3
- name: operations-jobs
  repository: file://charts/operations-jobs
  version: 0.1.0
digest: sha256:bd4674515717ebff4bba1261eee451226c0ee62cc7842cd51b88ba8f59708b2a
generated: "2026-08-24T23:29:40.4231737-06:00"
